
Microsoft Visual Studio Solution File, Format Version 12.00
# Visual Studio Version 16
VisualStudioVersion = 16.0.30011.22
MinimumVisualStudioVersion = 10.0.40219.1
Project("{FAE04EC0-301F-11D3-BF4B-00C04F79EFBC}") = "ExtractInformation", "ExtractInformation\ExtractInformation.csproj", "{9CCFC526-C205-4909-A925-D90F4A16270C}"
EndProject
Global
	GlobalSection(SolutionConfigurationPlatforms) = preSolution
		Debug|Any CPU = Debug|Any CPU
		Release|Any CPU = Release|Any CPU
	EndGlobalSection
	GlobalSection(ProjectConfigurationPlatforms) = postSolution
		{9CCFC526-C205-4909-A925-D90F4A16270C}.Debug|Any CPU.ActiveCfg = Debug|Any CPU
		{9CCFC526-C205-4909-A925-D90F4A16270C}.Debug|Any CPU.Build.0 = Debug|Any CPU
		{9CCFC526-C205-4909-A925-D90F4A16270C}.Release|Any CPU.ActiveCfg = Release|Any CPU
		{9CCFC526-C205-4909-A925-D90F4A16270C}.Release|Any CPU.Build.0 = Release|Any CPU
	EndGlobalSection
	GlobalSection(SolutionProperties) = preSolution
		HideSolutionNode = FALSE
	EndGlobalSection
	GlobalSection(ExtensibilityGlobals) = postSolution
		SolutionGuid = {0D1494E6-CCBF-4282-BF56-8C6D4F702F3D}
	EndGlobalSection
EndGlobal
